#MicroXplorer Configuration settings - do not modify
CAD.formats=
CAD.pinconfig=
CAD.provider=
File.Version=6
GPIO.groupedBy=Group By Peripherals
I2C1.IPParameters=Timing
I2C1.Timing=0x00000509
KeepUserPlacement=false
Mcu.CPN=STM32L431RCT6
Mcu.Family=STM32L4
Mcu.IP0=I2C1
Mcu.IP1=NVIC
Mcu.IP2=RCC
Mcu.IP3=RTC
Mcu.IP4=SYS
Mcu.IP5=TIM1
Mcu.IPNb=6
Mcu.Name=STM32L431R(B-C)Tx
Mcu.Package=LQFP64
Mcu.Pin0=PA3
Mcu.Pin1=PA4
Mcu.Pin10=PA11
Mcu.Pin11=PA12
Mcu.Pin12=PA13 (JTMS-SWDIO)
Mcu.Pin13=PA14 (JTCK-SWCLK)
Mcu.Pin14=PB6
Mcu.Pin15=PB7
Mcu.Pin16=VP_RTC_VS_RTC_Activate
Mcu.Pin17=VP_RTC_VS_RTC_WakeUp_intern
Mcu.Pin18=VP_SYS_VS_Systick
Mcu.Pin19=VP_TIM1_VS_ClockSourceINT
Mcu.Pin2=PA5
Mcu.Pin3=PA6
Mcu.Pin4=PA7
Mcu.Pin5=PB0
Mcu.Pin6=PB1
Mcu.Pin7=PB11
Mcu.Pin8=PB12
Mcu.Pin9=PB14
Mcu.PinsNb=20
Mcu.ThirdPartyNb=0
Mcu.UserConstants=
Mcu.UserName=STM32L431RCTx
MxCube.Version=6.8.1
MxDb.Version=DB.6.0.81
NVIC.BusFault_IRQn=true\:0\:0\:false\:false\:true\:false\:false\:false
NVIC.DebugMonitor_IRQn=true\:0\:0\:false\:false\:true\:false\:false\:false
NVIC.EXTI15_10_IRQn=true\:0\:0\:false\:false\:true\:true\:true\:true
NVIC.ForceEnableDMAVector=true
NVIC.HardFault_IRQn=true\:0\:0\:false\:false\:true\:false\:false\:false
NVIC.MemoryManagement_IRQn=true\:0\:0\:false\:false\:true\:false\:false\:false
NVIC.NonMaskableInt_IRQn=true\:0\:0\:false\:false\:true\:false\:false\:false
NVIC.PendSV_IRQn=true\:0\:0\:false\:false\:true\:false\:false\:false
NVIC.PriorityGroup=NVIC_PRIORITYGROUP_4
NVIC.RTC_WKUP_IRQn=true\:0\:0\:false\:false\:true\:true\:true\:true
NVIC.SVCall_IRQn=true\:0\:0\:false\:false\:true\:false\:false\:false
NVIC.SysTick_IRQn=true\:15\:0\:false\:false\:true\:false\:true\:false
NVIC.UsageFault_IRQn=true\:0\:0\:false\:false\:true\:false\:false\:false
PA11.GPIOParameters=PinState,GPIO_Label
PA11.GPIO_Label=AHT_VCC
PA11.Locked=true
PA11.PinState=GPIO_PIN_SET
PA11.Signal=GPIO_Output
PA12.GPIOParameters=PinState,GPIO_Label
PA12.GPIO_Label=BMP_VCC
PA12.Locked=true
PA12.PinState=GPIO_PIN_SET
PA12.Signal=GPIO_Output
PA13\ (JTMS-SWDIO).Mode=Serial_Wire
PA13\ (JTMS-SWDIO).Signal=SYS_JTMS-SWDIO
PA14\ (JTCK-SWCLK).Mode=Serial_Wire
PA14\ (JTCK-SWCLK).Signal=SYS_JTCK-SWCLK
PA3.GPIOParameters=PinState,GPIO_PuPd,GPIO_Label
PA3.GPIO_Label=LCD_VCC
PA3.GPIO_PuPd=GPIO_NOPULL
PA3.Locked=true
PA3.PinState=GPIO_PIN_SET
PA3.Signal=GPIO_Output
PA4.GPIOParameters=GPIO_Label
PA4.GPIO_Label=LCD_SCL_PIN
PA4.Locked=true
PA4.Signal=GPIO_Output
PA5.GPIOParameters=GPIO_Label
PA5.GPIO_Label=LCD_SDA_PIN
PA5.Locked=true
PA5.Signal=GPIO_Output
PA6.GPIOParameters=GPIO_Label
PA6.GPIO_Label=LCD_CS_PIN
PA6.Locked=true
PA6.Signal=GPIO_Output
PA7.GPIOParameters=GPIO_Label
PA7.GPIO_Label=LCD_RST_PIN
PA7.Locked=true
PA7.Signal=GPIO_Output
PB0.GPIOParameters=GPIO_Label
PB0.GPIO_Label=LCD_RS_PIN
PB0.Locked=true
PB0.Signal=GPIO_Output
PB1.Locked=true
PB1.Mode=PWM Generation3 CH3N
PB1.Signal=TIM1_CH3N
PB11.Locked=true
PB11.Signal=GPIO_Output
PB12.Locked=true
PB12.Signal=GPIO_Output
PB14.GPIOParameters=GPIO_PuPd,GPIO_ModeDefaultEXTI
PB14.GPIO_ModeDefaultEXTI=GPIO_MODE_IT_FALLING
PB14.GPIO_PuPd=GPIO_PULLUP
PB14.Locked=true
PB14.Signal=GPXTI14
PB6.Locked=true
PB6.Mode=I2C
PB6.Signal=I2C1_SCL
PB7.Locked=true
PB7.Mode=I2C
PB7.Signal=I2C1_SDA
PCC.Checker=true
PCC.Line=STM32L4x1
PCC.MCU=STM32L431R(B-C)Tx
PCC.PartNumber=STM32L431RCTx
PCC.Seq0=2
PCC.Seq0.Step0.Average_Current=285 \u00B5A
PCC.Seq0.Step0.CPU_Frequency=2 MHz
PCC.Seq0.Step0.Category=In DS Table
PCC.Seq0.Step0.DMIPS=3.0
PCC.Seq0.Step0.Duration=0.1 ms
PCC.Seq0.Step0.Frequency=6 MHz
PCC.Seq0.Step0.Memory=FLASH
PCC.Seq0.Step0.Mode=RUN
PCC.Seq0.Step0.Oscillator=HSE BYP ART
PCC.Seq0.Step0.Peripherals=
PCC.Seq0.Step0.TaMax=104.96
PCC.Seq0.Step0.User's_Consumption=0 mA
PCC.Seq0.Step0.Vcore=Range2-Medium
PCC.Seq0.Step0.Vdd=3.0
PCC.Seq0.Step0.Voltage_Source=Battery
PCC.Seq0.Step1.Average_Current=111 \u00B5A
PCC.Seq0.Step1.CPU_Frequency=32.768 kHz
PCC.Seq0.Step1.Category=In DS Table
PCC.Seq0.Step1.DMIPS=0.0
PCC.Seq0.Step1.Duration=0.9 ms
PCC.Seq0.Step1.Frequency=32.768 kHz
PCC.Seq0.Step1.Memory=n/a
PCC.Seq0.Step1.Mode=STOP0
PCC.Seq0.Step1.Oscillator=LSE BYP
PCC.Seq0.Step1.Peripherals=
PCC.Seq0.Step1.TaMax=104.99
PCC.Seq0.Step1.User's_Consumption=0 mA
PCC.Seq0.Step1.Vcore=NoRange
PCC.Seq0.Step1.Vdd=3.0
PCC.Seq0.Step1.Voltage_Source=Battery
PCC.Series=STM32L4
PCC.Temperature=25
PCC.Vdd=3.0
PinOutPanel.RotationAngle=0
ProjectManager.AskForMigrate=true
ProjectManager.BackupPrevious=false
ProjectManager.CompilerOptimize=6
ProjectManager.ComputerToolchain=false
ProjectManager.CoupleFile=true
ProjectManager.CustomerFirmwarePackage=
ProjectManager.DefaultFWLocation=true
ProjectManager.DeletePrevious=true
ProjectManager.DeviceId=STM32L431RCTx
ProjectManager.FirmwarePackage=STM32Cube FW_L4 V1.17.2
ProjectManager.FreePins=true
ProjectManager.HalAssertFull=false
ProjectManager.HeapSize=0x200
ProjectManager.KeepUserCode=true
ProjectManager.LastFirmware=true
ProjectManager.LibraryCopy=1
ProjectManager.MainLocation=Core/Src
ProjectManager.NoMain=false
ProjectManager.PreviousToolchain=
ProjectManager.ProjectBuild=false
ProjectManager.ProjectFileName=wake_up.ioc
ProjectManager.ProjectName=wake_up
ProjectManager.ProjectStructure=
ProjectManager.RegisterCallBack=
ProjectManager.StackSize=0x400
ProjectManager.TargetToolchain=MDK-ARM V5.32
ProjectManager.ToolChainLocation=
ProjectManager.UnderRoot=false
ProjectManager.functionlistsort=1-SystemClock_Config-RCC-false-HAL-false,2-MX_GPIO_Init-GPIO-false-HAL-true,3-MX_RTC_Init-RTC-false-HAL-true,4-MX_I2C1_Init-I2C1-false-HAL-true,5-MX_TIM1_Init-TIM1-false-HAL-true
RCC.ADCFreq_Value=8000000
RCC.AHBFreq_Value=2000000
RCC.APB1Freq_Value=2000000
RCC.APB1TimFreq_Value=2000000
RCC.APB2Freq_Value=2000000
RCC.APB2TimFreq_Value=2000000
RCC.CortexFreq_Value=2000000
RCC.FCLKCortexFreq_Value=2000000
RCC.FamilyName=M
RCC.HCLKFreq_Value=2000000
RCC.HSE_VALUE=8000000
RCC.HSI48_VALUE=48000000
RCC.HSI_VALUE=16000000
RCC.I2C1Freq_Value=2000000
RCC.I2C2Freq_Value=2000000
RCC.I2C3Freq_Value=2000000
RCC.IPParameters=ADCFreq_Value,AHBFreq_Value,APB1Freq_Value,APB1TimFreq_Value,APB2Freq_Value,APB2TimFreq_Value,CortexFreq_Value,FCLKCortexFreq_Value,FamilyName,HCLKFreq_Value,HSE_VALUE,HSI48_VALUE,HSI_VALUE,I2C1Freq_Value,I2C2Freq_Value,I2C3Freq_Value,LPTIM1Freq_Value,LPTIM2Freq_Value,LPUART1Freq_Value,LSCOPinFreq_Value,LSE_VALUE,LSI_VALUE,MCO1PinFreq_Value,MSIClockRange,MSI_VALUE,PLLPoutputFreq_Value,PLLQoutputFreq_Value,PLLRCLKFreq_Value,PLLSAI1PoutputFreq_Value,PLLSAI1QoutputFreq_Value,PLLSAI1RoutputFreq_Value,PWRFreq_Value,RNGFreq_Value,SAI1Freq_Value,SDMMCFreq_Value,SWPMI1Freq_Value,SYSCLKFreq_VALUE,USART1Freq_Value,USART2Freq_Value,USART3Freq_Value,VCOInputFreq_Value,VCOOutputFreq_Value,VCOSAI1OutputFreq_Value
RCC.LPTIM1Freq_Value=2000000
RCC.LPTIM2Freq_Value=2000000
RCC.LPUART1Freq_Value=2000000
RCC.LSCOPinFreq_Value=32000
RCC.LSE_VALUE=32768
RCC.LSI_VALUE=32000
RCC.MCO1PinFreq_Value=2000000
RCC.MSIClockRange=RCC_MSIRANGE_5
RCC.MSI_VALUE=2000000
RCC.PLLPoutputFreq_Value=2285714.285714286
RCC.PLLQoutputFreq_Value=8000000
RCC.PLLRCLKFreq_Value=8000000
RCC.PLLSAI1PoutputFreq_Value=2285714.285714286
RCC.PLLSAI1QoutputFreq_Value=8000000
RCC.PLLSAI1RoutputFreq_Value=8000000
RCC.PWRFreq_Value=2000000
RCC.RNGFreq_Value=8000000
RCC.SAI1Freq_Value=2285714.285714286
RCC.SDMMCFreq_Value=8000000
RCC.SWPMI1Freq_Value=2000000
RCC.SYSCLKFreq_VALUE=2000000
RCC.USART1Freq_Value=2000000
RCC.USART2Freq_Value=2000000
RCC.USART3Freq_Value=2000000
RCC.VCOInputFreq_Value=2000000
RCC.VCOOutputFreq_Value=16000000
RCC.VCOSAI1OutputFreq_Value=16000000
RTC.IPParameters=WakeUpClock-WakeUp,WakeUpCounter-WakeUp
RTC.WakeUpClock-WakeUp=RTC_WAKEUPCLOCK_CK_SPRE_16BITS
RTC.WakeUpCounter-WakeUp=3
SH.GPXTI14.0=GPIO_EXTI14
SH.GPXTI14.ConfNb=1
TIM1.Channel-PWM\ Generation3\ CH3N=TIM_CHANNEL_3
TIM1.IPParameters=Channel-PWM Generation3 CH3N,Prescaler,Period
TIM1.Period=499
TIM1.Prescaler=1
VP_RTC_VS_RTC_Activate.Mode=RTC_Enabled
VP_RTC_VS_RTC_Activate.Signal=RTC_VS_RTC_Activate
VP_RTC_VS_RTC_WakeUp_intern.Mode=WakeUp
VP_RTC_VS_RTC_WakeUp_intern.Signal=RTC_VS_RTC_WakeUp_intern
VP_SYS_VS_Systick.Mode=SysTick
VP_SYS_VS_Systick.Signal=SYS_VS_Systick
VP_TIM1_VS_ClockSourceINT.Mode=Internal
VP_TIM1_VS_ClockSourceINT.Signal=TIM1_VS_ClockSourceINT
board=custom
